{
  "name": "mern-stack-project-realtime-chat-app-tutorial-reactjs-and-socketio",
  "version": "1.0.0",
  "lockfileVersion": 3,
  "requires": true,
  "packages": {
    "": {
      "name": "mern-stack-project-realtime-chat-app-tutorial-reactjs-and-socketio",
      "version": "1.0.0",
      "license": "ISC",
      "dependencies": {
        "@rollup/rollup-win32-x64-msvc": "^4.63.1"
      }
    },
    "node_modules/@rollup/rollup-win32-x64-msvc": {
      "version": "4.63.1",
      "resolved": "https://registry.npmjs.org/@rollup/rollup-win32-x64-msvc/-/rollup-win32-x64-msvc-4.63.1.tgz",
      "integrity": "sha512-at8QVep6S3h5Y6gSbdGU06bRY5WJkf6WUduM9YtvYMbYhB1MOFfUgc6kehitQXzOtMSaT70q7f9ydPhpqu821w==",
      "cpu": [
        "x64"
      ],
      "license": "MIT",
      "os": [
        "win32"
      ]
    }
  }
}
